
Microsoft Visual Studio Solution File, Format Version 12.00
# Visual Studio Version 16
VisualStudioVersion = 16.0.29020.237
MinimumVisualStudioVersion = 10.0.40219.1
Project("{FAE04EC0-301F-11D3-BF4B-00C04F79EFBC}") = "JUJU.UI.Site", "src\JUJU.UI.Site\JUJU.UI.Site.csproj", "{1DB13D64-5154-446F-9C0A-57B0231D1136}"
EndProject
Global
	GlobalSection(SolutionConfigurationPlatforms) = preSolution
		Debug|Any CPU = Debug|Any CPU
		Release|Any CPU = Release|Any CPU
	EndGlobalSection
	GlobalSection(ProjectConfigurationPlatforms) = postSolution
		{1DB13D64-5154-446F-9C0A-57B0231D1136}.Debug|Any CPU.ActiveCfg = Debug|Any CPU
		{1DB13D64-5154-446F-9C0A-57B0231D1136}.Debug|Any CPU.Build.0 = Debug|Any CPU
		{1DB13D64-5154-446F-9C0A-57B0231D1136}.Release|Any CPU.ActiveCfg = Release|Any CPU
		{1DB13D64-5154-446F-9C0A-57B0231D1136}.Release|Any CPU.Build.0 = Release|Any CPU
	EndGlobalSection
	GlobalSection(SolutionProperties) = preSolution
		HideSolutionNode = FALSE
	EndGlobalSection
	GlobalSection(ExtensibilityGlobals) = postSolution
		SolutionGuid = {64733B09-B053-4FCE-812D-7ADBE4F75893}
	EndGlobalSection
EndGlobal
